
Microsoft Visual Studio Solution File, Format Version 12.00
# Visual Studio Version 17
VisualStudioVersion = 17.8.34525.116
MinimumVisualStudioVersion = 10.0.40219.1
Project("{9A19103F-16F7-4668-BE54-9A1E7A4F7556}") = "Connect4", "Connect4.csproj", "{30C90960-7932-4A1A-832C-0926B664F080}"
EndProject
Project("{9A19103F-16F7-4668-BE54-9A1E7A4F7556}") = "Connect4WinForms", "..\Connect4WinForms\Connect4WinForms.csproj", "{A599475B-4B3A-443C-AFC1-5F152FA1D69A}"
EndProject
Global
	GlobalSection(SolutionConfigurationPlatforms) = preSolution
		Debug|Any CPU = Debug|Any CPU
		Release|Any CPU = Release|Any CPU
	EndGlobalSection
	GlobalSection(ProjectConfigurationPlatforms) = postSolution
		{30C90960-7932-4A1A-832C-0926B664F080}.Debug|Any CPU.ActiveCfg = Debug|Any CPU
		{30C90960-7932-4A1A-832C-0926B664F080}.Debug|Any CPU.Build.0 = Debug|Any CPU
		{30C90960-7932-4A1A-832C-0926B664F080}.Release|Any CPU.ActiveCfg = Release|Any CPU
		{30C90960-7932-4A1A-832C-0926B664F080}.Release|Any CPU.Build.0 = Release|Any CPU
		{A599475B-4B3A-443C-AFC1-5F152FA1D69A}.Debug|Any CPU.ActiveCfg = Debug|Any CPU
		{A599475B-4B3A-443C-AFC1-5F152FA1D69A}.Debug|Any CPU.Build.0 = Debug|Any CPU
		{A599475B-4B3A-443C-AFC1-5F152FA1D69A}.Release|Any CPU.ActiveCfg = Release|Any CPU
		{A599475B-4B3A-443C-AFC1-5F152FA1D69A}.Release|Any CPU.Build.0 = Release|Any CPU
	EndGlobalSection
	GlobalSection(SolutionProperties) = preSolution
		HideSolutionNode = FALSE
	EndGlobalSection
	GlobalSection(ExtensibilityGlobals) = postSolution
		SolutionGuid = {64F9DAA1-BE47-403C-B1FF-58D940C60B6E}
	EndGlobalSection
EndGlobal
